// !$*UTF8*$!
{
	archiveVersion = 1;
	classes = {
	};
	objectVersion = 48;
	objects = {

/* Begin PBXBuildFile section */
		13C3B8231FB4DE3000BBA4A0 /* ItemDelegate.swift in Sources */ = {isa = PBXBuildFile; fileRef = 13C3B8221FB4DE3000BBA4A0 /* ItemDelegate.swift */; };
		13F4A6B31FB3CDFD001C073E /* AppDelegate.swift in Sources */ = {isa = PBXBuildFile; fileRef = 13F4A6B21FB3CDFD001C073E /* AppDelegate.swift */; };
		13F4A6B51FB3CDFD001C073E /* ListViewController.swift in Sources */ = {isa = PBXBuildFile; fileRef = 13F4A6B41FB3CDFD001C073E /* ListViewController.swift */; };
		13F4A6B81FB3CDFD001C073E /* Main.storyboard in Resources */ = {isa = PBXBuildFile; fileRef = 13F4A6B61FB3CDFD001C073E /* Main.storyboard */; };
		13F4A6BB1FB3CDFD001C073E /* ToDoList.xcdatamodeld in Sources */ = {isa = PBXBuildFile; fileRef = 13F4A6B91FB3CDFD001C073E /* ToDoList.xcdatamodeld */; };
		13F4A6BD1FB3CDFD001C073E /* Assets.xcassets in Resources */ = {isa = PBXBuildFile; fileRef = 13F4A6BC1FB3CDFD001C073E /* Assets.xcassets */; };
		13F4A6C01FB3CDFD001C073E /* LaunchScreen.storyboard in Resources */ = {isa = PBXBuildFile; fileRef = 13F4A6BE1FB3CDFD001C073E /* LaunchScreen.storyboard */; };
		13F4A6CB1FB3CDFD001C073E /* ToDoListTests.swift in Sources */ = {isa = PBXBuildFile; fileRef = 13F4A6CA1FB3CDFD001C073E /* ToDoListTests.swift */; };
		13F4A6D61FB3CDFD001C073E /* ToDoListUITests.swift in Sources */ = {isa = PBXBuildFile; fileRef = 13F4A6D51FB3CDFD001C073E /* ToDoListUITests.swift */; };
		13F4A6E41FB3DABC001C073E /* ToDoCellItem.swift in Sources */ = {isa = PBXBuildFile; fileRef = 13F4A6E31FB3DABC001C073E /* ToDoCellItem.swift */; };
		13F4A6E61FB3E848001C073E /* ItemViewController.swift in Sources */ = {isa = PBXBuildFile; fileRef = 13F4A6E51FB3E848001C073E /* ItemViewController.swift */; };
/* End PBXBuildFile section */

/* Begin PBXContainerItemProxy section */
		13F4A6C71FB3CDFD001C073E /* PBXContainerItemProxy */ = {
			isa = PBXContainerItemProxy;
			containerPortal = 13F4A6A71FB3CDFD001C073E /* Project object */;
			proxyType = 1;
			remoteGlobalIDString = 13F4A6AE1FB3CDFD001C073E;
			remoteInfo = ToDoList;
		};
		13F4A6D21FB3CDFD001C073E /* PBXContainerItemProxy */ = {
			isa = PBXContainerItemProxy;
			containerPortal = 13F4A6A71FB3CDFD001C073E /* Project object */;
			proxyType = 1;
			remoteGlobalIDString = 13F4A6AE1FB3CDFD001C073E;
			remoteInfo = ToDoList;
		};
/* End PBXContainerItemProxy section */

/* Begin PBXFileReference section */
		13C3B8221FB4DE3000BBA4A0 /* ItemDelegate.swift */ = {isa = PBXFileReference; lastKnownFileType = sourcecode.swift; path = ItemDelegate.swift; sourceTree = "<group>"; };
		13F4A6AF1FB3CDFD001C073E /* ToDoList.app */ = {isa = PBXFileReference; explicitFileType = wrapper.application; includeInIndex = 0; path = ToDoList.app; sourceTree = BUILT_PRODUCTS_DIR; };
		13F4A6B21FB3CDFD001C073E /* AppDelegate.swift */ = {isa = PBXFileReference; lastKnownFileType = sourcecode.swift; path = AppDelegate.swift; sourceTree = "<group>"; };
		13F4A6B41FB3CDFD001C073E /* ListViewController.swift */ = {isa = PBXFileReference; lastKnownFileType = sourcecode.swift; path = ListViewController.swift; sourceTree = "<group>"; };
		13F4A6B71FB3CDFD001C073E /* Base */ = {isa = PBXFileReference; lastKnownFileType = file.storyboard; name = Base; path = Base.lproj/Main.storyboard; sourceTree = "<group>"; };
		13F4A6BA1FB3CDFD001C073E /* ToDoList.xcdatamodel */ = {isa = PBXFileReference; lastKnownFileType = wrapper.xcdatamodel; path = ToDoList.xcdatamodel; sourceTree = "<group>"; };
		13F4A6BC1FB3CDFD001C073E /* Assets.xcassets */ = {isa = PBXFileReference; lastKnownFileType = folder.assetcatalog; path = Assets.xcassets; sourceTree = "<group>"; };
		13F4A6BF1FB3CDFD001C073E /* Base */ = {isa = PBXFileReference; lastKnownFileType = file.storyboard; name = Base; path = Base.lproj/LaunchScreen.storyboard; sourceTree = "<group>"; };
		13F4A6C11FB3CDFD001C073E /* Info.plist */ = {isa = PBXFileReference; lastKnownFileType = text.plist.xml; path = Info.plist; sourceTree = "<group>"; };
		13F4A6C61FB3CDFD001C073E /* ToDoListTests.xctest */ = {isa = PBXFileReference; explicitFileType = wrapper.cfbundle; includeInIndex = 0; path = ToDoListTests.xctest; sourceTree = BUILT_PRODUCTS_DIR; };
		13F4A6CA1FB3CDFD001C073E /* ToDoListTests.swift */ = {isa = PBXFileReference; lastKnownFileType = sourcecode.swift; path = ToDoListTests.swift; sourceTree = "<group>"; };
		13F4A6CC1FB3CDFD001C073E /* Info.plist */ = {isa = PBXFileReference; lastKnownFileType = text.plist.xml; path = Info.plist; sourceTree = "<group>"; };
		13F4A6D11FB3CDFD001C073E /* ToDoListUITests.xctest */ = {isa = PBXFileReference; explicitFileType = wrapper.cfbundle; includeInIndex = 0; path = ToDoListUITests.xctest; sourceTree = BUILT_PRODUCTS_DIR; };
		13F4A6D51FB3CDFD001C073E /* ToDoListUITests.swift */ = {isa = PBXFileReference; lastKnownFileType = sourcecode.swift; path = ToDoListUITests.swift; sourceTree = "<group>"; };
		13F4A6D71FB3CDFD001C073E /* Info.plist */ = {isa = PBXFileReference; lastKnownFileType = text.plist.xml; path = Info.plist; sourceTree = "<group>"; };
		13F4A6E31FB3DABC001C073E /* ToDoCellItem.swift */ = {isa = PBXFileReference; lastKnownFileType = sourcecode.swift; path = ToDoCellItem.swift; sourceTree = "<group>"; };
		13F4A6E51FB3E848001C073E /* ItemViewController.swift */ = {isa = PBXFileReference; lastKnownFileType = sourcecode.swift; path = ItemViewController.swift; sourceTree = "<group>"; };
/* End PBXFileReference section */

/* Begin PBXFrameworksBuildPhase section */
		13F4A6AC1FB3CDFD001C073E /* Frameworks */ = {
			isa = PBXFrameworksBuildPhase;
			buildActionMask = 2147483647;
			files = (
			);
			runOnlyForDeploymentPostprocessing = 0;
		};
		13F4A6C31FB3CDFD001C073E /* Frameworks */ = {
			isa = PBXFrameworksBuildPhase;
			buildActionMask = 2147483647;
			files = (
			);
			runOnlyForDeploymentPostprocessing = 0;
		};
		13F4A6CE1FB3CDFD001C073E /* Frameworks */ = {
			isa = PBXFrameworksBuildPhase;
			buildActionMask = 2147483647;
			files = (
			);
			runOnlyForDeploymentPostprocessing = 0;
		};
/* End PBXFrameworksBuildPhase section */

/* Begin PBXGroup section */
		13F4A6A61FB3CDFD001C073E = {
			isa = PBXGroup;
			children = (
				13F4A6B11FB3CDFD001C073E /* ToDoList */,
				13F4A6C91FB3CDFD001C073E /* ToDoListTests */,
				13F4A6D41FB3CDFD001C073E /* ToDoListUITests */,
				13F4A6B01FB3CDFD001C073E /* Products */,
			);
			sourceTree = "<group>";
		};
		13F4A6B01FB3CDFD001C073E /* Products */ = {
			isa = PBXGroup;
			children = (
				13F4A6AF1FB3CDFD001C073E /* ToDoList.app */,
				13F4A6C61FB3CDFD001C073E /* ToDoListTests.xctest */,
				13F4A6D11FB3CDFD001C073E /* ToDoListUITests.xctest */,
			);
			name = Products;
			sourceTree = "<group>";
		};
		13F4A6B11FB3CDFD001C073E /* ToDoList */ = {
			isa = PBXGroup;
			children = (
				13F4A6B21FB3CDFD001C073E /* AppDelegate.swift */,
				13F4A6B41FB3CDFD001C073E /* ListViewController.swift */,
				13F4A6E51FB3E848001C073E /* ItemViewController.swift */,
				13C3B8221FB4DE3000BBA4A0 /* ItemDelegate.swift */,
				13F4A6E31FB3DABC001C073E /* ToDoCellItem.swift */,
				13F4A6B61FB3CDFD001C073E /* Main.storyboard */,
				13F4A6BC1FB3CDFD001C073E /* Assets.xcassets */,
				13F4A6BE1FB3CDFD001C073E /* LaunchScreen.storyboard */,
				13F4A6C11FB3CDFD001C073E /* Info.plist */,
				13F4A6B91FB3CDFD001C073E /* ToDoList.xcdatamodeld */,
			);
			path = ToDoList;
			sourceTree = "<group>";
		};
		13F4A6C91FB3CDFD001C073E /* ToDoListTests */ = {
			isa = PBXGroup;
			children = (
				13F4A6CA1FB3CDFD001C073E /* ToDoListTests.swift */,
				13F4A6CC1FB3CDFD001C073E /* Info.plist */,
			);
			path = ToDoListTests;
			sourceTree = "<group>";
		};
		13F4A6D41FB3CDFD001C073E /* ToDoListUITests */ = {
			isa = PBXGroup;
			children = (
				13F4A6D51FB3CDFD001C073E /* ToDoListUITests.swift */,
				13F4A6D71FB3CDFD001C073E /* Info.plist */,
			);
			path = ToDoListUITests;
			sourceTree = "<group>";
		};
/* End PBXGroup section */

/* Begin PBXNativeTarget section */
		13F4A6AE1FB3CDFD001C073E /* ToDoList */ = {
			isa = PBXNativeTarget;
			buildConfigurationList = 13F4A6DA1FB3CDFD001C073E /* Build configuration list for PBXNativeTarget "ToDoList" */;
			buildPhases = (
				13F4A6AB1FB3CDFD001C073E /* Sources */,
				13F4A6AC1FB3CDFD001C073E /* Frameworks */,
				13F4A6AD1FB3CDFD001C073E /* Resources */,
			);
			buildRules = (
			);
			dependencies = (
			);
			name = ToDoList;
			productName = ToDoList;
			productReference = 13F4A6AF1FB3CDFD001C073E /* ToDoList.app */;
			productType = "com.apple.product-type.application";
		};
		13F4A6C51FB3CDFD001C073E /* ToDoListTests */ = {
			isa = PBXNativeTarget;
			buildConfigurationList = 13F4A6DD1FB3CDFD001C073E /* Build configuration list for PBXNativeTarget "ToDoListTests" */;
			buildPhases = (
				13F4A6C21FB3CDFD001C073E /* Sources */,
				13F4A6C31FB3CDFD001C073E /* Frameworks */,
				13F4A6C41FB3CDFD001C073E /* Resources */,
			);
			buildRules = (
			);
			dependencies = (
				13F4A6C81FB3CDFD001C073E /* PBXTargetDependency */,
			);
			name = ToDoListTests;
			productName = ToDoListTests;
			productReference = 13F4A6C61FB3CDFD001C073E /* ToDoListTests.xctest */;
			productType = "com.apple.product-type.bundle.unit-test";
		};
		13F4A6D01FB3CDFD001C073E /* ToDoListUITests */ = {
			isa = PBXNativeTarget;
			buildConfigurationList = 13F4A6E01FB3CDFD001C073E /* Build configuration list for PBXNativeTarget "ToDoListUITests" */;
			buildPhases = (
				13F4A6CD1FB3CDFD001C073E /* Sources */,
				13F4A6CE1FB3CDFD001C073E /* Frameworks */,
				13F4A6CF1FB3CDFD001C073E /* Resources */,
			);
			buildRules = (
			);
			dependencies = (
				13F4A6D31FB3CDFD001C073E /* PBXTargetDependency */,
			);
			name = ToDoListUITests;
			productName = ToDoListUITests;
			productReference = 13F4A6D11FB3CDFD001C073E /* ToDoListUITests.xctest */;
			productType = "com.apple.product-type.bundle.ui-testing";
		};
/* End PBXNativeTarget section */

/* Begin PBXProject section */
		13F4A6A71FB3CDFD001C073E /* Project object */ = {
			isa = PBXProject;
			attributes = {
				LastSwiftUpdateCheck = 0900;
				LastUpgradeCheck = 0900;
				ORGANIZATIONNAME = "Sheetal Desai";
				TargetAttributes = {
					13F4A6AE1FB3CDFD001C073E = {
						CreatedOnToolsVersion = 9.0.1;
						ProvisioningStyle = Automatic;
					};
					13F4A6C51FB3CDFD001C073E = {
						CreatedOnToolsVersion = 9.0.1;
						ProvisioningStyle = Automatic;
						TestTargetID = 13F4A6AE1FB3CDFD001C073E;
					};
					13F4A6D01FB3CDFD001C073E = {
						CreatedOnToolsVersion = 9.0.1;
						ProvisioningStyle = Automatic;
						TestTargetID = 13F4A6AE1FB3CDFD001C073E;
					};
				};
			};
			buildConfigurationList = 13F4A6AA1FB3CDFD001C073E /* Build configuration list for PBXProject "ToDoList" */;
			compatibilityVersion = "Xcode 8.0";
			developmentRegion = en;
			hasScannedForEncodings = 0;
			knownRegions = (
				en,
				Base,
			);
			mainGroup = 13F4A6A61FB3CDFD001C073E;
			productRefGroup = 13F4A6B01FB3CDFD001C073E /* Products */;
			projectDirPath = "";
			projectRoot = "";
			targets = (
				13F4A6AE1FB3CDFD001C073E /* ToDoList */,
				13F4A6C51FB3CDFD001C073E /* ToDoListTests */,
				13F4A6D01FB3CDFD001C073E /* ToDoListUITests */,
			);
		};
/* End PBXProject section */

/* Begin PBXResourcesBuildPhase section */
		13F4A6AD1FB3CDFD001C073E /* Resources */ = {
			isa = PBXResourcesBuildPhase;
			buildActionMask = 2147483647;
			files = (
				13F4A6C01FB3CDFD001C073E /* LaunchScreen.storyboard in Resources */,
				13F4A6BD1FB3CDFD001C073E /* Assets.xcassets in Resources */,
				13F4A6B81FB3CDFD001C073E /* Main.storyboard in Resources */,
			);
			runOnlyForDeploymentPostprocessing = 0;
		};
		13F4A6C41FB3CDFD001C073E /* Resources */ = {
			isa = PBXResourcesBuildPhase;
			buildActionMask = 2147483647;
			files = (
			);
			runOnlyForDeploymentPostprocessing = 0;
		};
		13F4A6CF1FB3CDFD001C073E /* Resources */ = {
			isa = PBXResourcesBuildPhase;
			buildActionMask = 2147483647;
			files = (
			);
			runOnlyForDeploymentPostprocessing = 0;
		};
/* End PBXResourcesBuildPhase section */

/* Begin PBXSourcesBuildPhase section */
		13F4A6AB1FB3CDFD001C073E /* Sources */ = {
			isa = PBXSourcesBuildPhase;
			buildActionMask = 2147483647;
			files = (
				13F4A6E61FB3E848001C073E /* ItemViewController.swift in Sources */,
				13F4A6B51FB3CDFD001C073E /* ListViewController.swift in Sources */,
				13F4A6BB1FB3CDFD001C073E /* ToDoList.xcdatamodeld in Sources */,
				13C3B8231FB4DE3000BBA4A0 /* ItemDelegate.swift in Sources */,
				13F4A6E41FB3DABC001C073E /* ToDoCellItem.swift in Sources */,
				13F4A6B31FB3CDFD001C073E /* AppDelegate.swift in Sources */,
			);
			runOnlyForDeploymentPostprocessing = 0;
		};
		13F4A6C21FB3CDFD001C073E /* Sources */ = {
			isa = PBXSourcesBuildPhase;
			buildActionMask = 2147483647;
			files = (
				13F4A6CB1FB3CDFD001C073E /* ToDoListTests.swift in Sources */,
			);
			runOnlyForDeploymentPostprocessing = 0;
		};
		13F4A6CD1FB3CDFD001C073E /* Sources */ = {
			isa = PBXSourcesBuildPhase;
			buildActionMask = 2147483647;
			files = (
				13F4A6D61FB3CDFD001C073E /* ToDoListUITests.swift in Sources */,
			);
			runOnlyForDeploymentPostprocessing = 0;
		};
/* End PBXSourcesBuildPhase section */

/* Begin PBXTargetDependency section */
		13F4A6C81FB3CDFD001C073E /* PBXTargetDependency */ = {
			isa = PBXTargetDependency;
			target = 13F4A6AE1FB3CDFD001C073E /* ToDoList */;
			targetProxy = 13F4A6C71FB3CDFD001C073E /* PBXContainerItemProxy */;
		};
		13F4A6D31FB3CDFD001C073E /* PBXTargetDependency */ = {
			isa = PBXTargetDependency;
			target = 13F4A6AE1FB3CDFD001C073E /* ToDoList */;
			targetProxy = 13F4A6D21FB3CDFD001C073E /* PBXContainerItemProxy */;
		};
/* End PBXTargetDependency section */

/* Begin PBXVariantGroup section */
		13F4A6B61FB3CDFD001C073E /* Main.storyboard */ = {
			isa = PBXVariantGroup;
			children = (
				13F4A6B71FB3CDFD001C073E /* Base */,
			);
			name = Main.storyboard;
			sourceTree = "<group>";
		};
		13F4A6BE1FB3CDFD001C073E /* LaunchScreen.storyboard */ = {
			isa = PBXVariantGroup;
			children = (
				13F4A6BF1FB3CDFD001C073E /* Base */,
			);
			name = LaunchScreen.storyboard;
			sourceTree = "<group>";
		};
/* End PBXVariantGroup section */

/* Begin XCBuildConfiguration section */
		13F4A6D81FB3CDFD001C073E /* Debug */ = {
			isa = XCBuildConfiguration;
			buildSettings = {
				ALWAYS_SEARCH_USER_PATHS = NO;
				CLANG_ANALYZER_NONNULL = YES;
				CLANG_ANALYZER_NUMBER_OBJECT_CONVERSION = YES_AGGRESSIVE;
				CLANG_CXX_LANGUAGE_STANDARD = "gnu++14";
				CLANG_CXX_LIBRARY = "libc++";
				CLANG_ENABLE_MODULES = YES;
				CLANG_ENABLE_OBJC_ARC = YES;
				CLANG_WARN_BLOCK_CAPTURE_AUTORELEASING = YES;
				CLANG_WARN_BOOL_CONVERSION = YES;
				CLANG_WARN_COMMA = YES;
				CLANG_WARN_CONSTANT_CONVERSION = YES;
				CLANG_WARN_DIRECT_OBJC_ISA_USAGE = YES_ERROR;
				CLANG_WARN_DOCUMENTATION_COMMENTS = YES;
				CLANG_WARN_EMPTY_BODY = YES;
				CLANG_WARN_ENUM_CONVERSION = YES;
				CLANG_WARN_INFINITE_RECURSION = YES;
				CLANG_WARN_INT_CONVERSION = YES;
				CLANG_WARN_NON_LITERAL_NULL_CONVERSION = YES;
				CLANG_WARN_OBJC_LITERAL_CONVERSION = YES;
				CLANG_WARN_OBJC_ROOT_CLASS = YES_ERROR;
				CLANG_WARN_RANGE_LOOP_ANALYSIS = YES;
				CLANG_WARN_STRICT_PROTOTYPES = YES;
				CLANG_WARN_SUSPICIOUS_MOVE = YES;
				CLANG_WARN_UNGUARDED_AVAILABILITY = YES_AGGRESSIVE;
				CLANG_WARN_UNREACHABLE_CODE = YES;
				CLANG_WARN__DUPLICATE_METHOD_MATCH = YES;
				CODE_SIGN_IDENTITY = "iPhone Developer";
				COPY_PHASE_STRIP = NO;
				DEBUG_INFORMATION_FORMAT = dwarf;
				ENABLE_STRICT_OBJC_MSGSEND = YES;
				ENABLE_TESTABILITY = YES;
				GCC_C_LANGUAGE_STANDARD = gnu11;
				GCC_DYNAMIC_NO_PIC = NO;
				GCC_NO_COMMON_BLOCKS = YES;
				GCC_OPTIMIZATION_LEVEL = 0;
				GCC_PREPROCESSOR_DEFINITIONS = (
					"DEBUG=1",
					"$(inherited)",
				);
				GCC_WARN_64_TO_32_BIT_CONVERSION = YES;
				GCC_WARN_ABOUT_RETURN_TYPE = YES_ERROR;
				GCC_WARN_UNDECLARED_SELECTOR = YES;
				GCC_WARN_UNINITIALIZED_AUTOS = YES_AGGRESSIVE;
				GCC_WARN_UNUSED_FUNCTION = YES;
				GCC_WARN_UNUSED_VARIABLE = YES;
				IPHONEOS_DEPLOYMENT_TARGET = 11.0;
				MTL_ENABLE_DEBUG_INFO = YES;
				ONLY_ACTIVE_ARCH = YES;
				SDKROOT = iphoneos;
				SWIFT_ACTIVE_COMPILATION_CONDITIONS = DEBUG;
				SWIFT_OPTIMIZATION_LEVEL = "-Onone";
			};
			name = Debug;
		};
		13F4A6D91FB3CDFD001C073E /* Release */ = {
			isa = XCBuildConfiguration;
			buildSettings = {
				ALWAYS_SEARCH_USER_PATHS = NO;
				CLANG_ANALYZER_NONNULL = YES;
				CLANG_ANALYZER_NUMBER_OBJECT_CONVERSION = YES_AGGRESSIVE;
				CLANG_CXX_LANGUAGE_STANDARD = "gnu++14";
				CLANG_CXX_LIBRARY = "libc++";
				CLANG_ENABLE_MODULES = YES;
				CLANG_ENABLE_OBJC_ARC = YES;
				CLANG_WARN_BLOCK_CAPTURE_AUTORELEASING = YES;
				CLANG_WARN_BOOL_CONVERSION = YES;
				CLANG_WARN_COMMA = YES;
				CLANG_WARN_CONSTANT_CONVERSION = YES;
				CLANG_WARN_DIRECT_OBJC_ISA_USAGE = YES_ERROR;
				CLANG_WARN_DOCUMENTATION_COMMENTS = YES;
				CLANG_WARN_EMPTY_BODY = YES;
				CLANG_WARN_ENUM_CONVERSION = YES;
				CLANG_WARN_INFINITE_RECURSION = YES;
				CLANG_WARN_INT_CONVERSION = YES;
				CLANG_WARN_NON_LITERAL_NULL_CONVERSION = YES;
				CLANG_WARN_OBJC_LITERAL_CONVERSION = YES;
				CLANG_WARN_OBJC_ROOT_CLASS = YES_ERROR;
				CLANG_WARN_RANGE_LOOP_ANALYSIS = YES;
				CLANG_WARN_STRICT_PROTOTYPES = YES;
				CLANG_WARN_SUSPICIOUS_MOVE = YES;
				CLANG_WARN_UNGUARDED_AVAILABILITY = YES_AGGRESSIVE;
				CLANG_WARN_UNREACHABLE_CODE = YES;
				CLANG_WARN__DUPLICATE_METHOD_MATCH = YES;
				CODE_SIGN_IDENTITY = "iPhone Developer";
				COPY_PHASE_STRIP = NO;
				DEBUG_INFORMATION_FORMAT = "dwarf-with-dsym";
				ENABLE_NS_ASSERTIONS = NO;
				ENABLE_STRICT_OBJC_MSGSEND = YES;
				GCC_C_LANGUAGE_STANDARD = gnu11;
				GCC_NO_COMMON_BLOCKS = YES;
				GCC_WARN_64_TO_32_BIT_CONVERSION = YES;
				GCC_WARN_ABOUT_RETURN_TYPE = YES_ERROR;
				GCC_WARN_UNDECLARED_SELECTOR = YES;
				GCC_WARN_UNINITIALIZED_AUTOS = YES_AGGRESSIVE;
				GCC_WARN_UNUSED_FUNCTION = YES;
				GCC_WARN_UNUSED_VARIABLE = YES;
				IPHONEOS_DEPLOYMENT_TARGET = 11.0;
				MTL_ENABLE_DEBUG_INFO = NO;
				SDKROOT = iphoneos;
				SWIFT_OPTIMIZATION_LEVEL = "-Owholemodule";
				VALIDATE_PRODUCT = YES;
			};
			name = Release;
		};
		13F4A6DB1FB3CDFD001C073E /* Debug */ = {
			isa = XCBuildConfiguration;
			buildSettings = {
				ASSETCATALOG_COMPILER_APPICON_NAME = AppIcon;
				CODE_SIGN_STYLE = Automatic;
				DEVELOPMENT_TEAM = RE35XLAPV6;
				INFOPLIST_FILE = ToDoList/Info.plist;
				LD_RUNPATH_SEARCH_PATHS = "$(inherited) @executable_path/Frameworks";
				PRODUCT_BUNDLE_IDENTIFIER = dojo.ToDoList;
				PRODUCT_NAME = "$(TARGET_NAME)";
				SWIFT_VERSION = 4.0;
				TARGETED_DEVICE_FAMILY = "1,2";
			};
			name = Debug;
		};
		13F4A6DC1FB3CDFD001C073E /* Release */ = {
			isa = XCBuildConfiguration;
			buildSettings = {
				ASSETCATALOG_COMPILER_APPICON_NAME = AppIcon;
				CODE_SIGN_STYLE = Automatic;
				DEVELOPMENT_TEAM = RE35XLAPV6;
				INFOPLIST_FILE = ToDoList/Info.plist;
				LD_RUNPATH_SEARCH_PATHS = "$(inherited) @executable_path/Frameworks";
				PRODUCT_BUNDLE_IDENTIFIER = dojo.ToDoList;
				PRODUCT_NAME = "$(TARGET_NAME)";
				SWIFT_VERSION = 4.0;
				TARGETED_DEVICE_FAMILY = "1,2";
			};
			name = Release;
		};
		13F4A6DE1FB3CDFD001C073E /* Debug */ = {
			isa = XCBuildConfiguration;
			buildSettings = {
				ALWAYS_EMBED_SWIFT_STANDARD_LIBRARIES = YES;
				BUNDLE_LOADER = "$(TEST_HOST)";
				CODE_SIGN_STYLE = Automatic;
				DEVELOPMENT_TEAM = RE35XLAPV6;
				INFOPLIST_FILE = ToDoListTests/Info.plist;
				LD_RUNPATH_SEARCH_PATHS = "$(inherited) @executable_path/Frameworks @loader_path/Frameworks";
				PRODUCT_BUNDLE_IDENTIFIER = dojo.ToDoListTests;
				PRODUCT_NAME = "$(TARGET_NAME)";
				SWIFT_VERSION = 4.0;
				TARGETED_DEVICE_FAMILY = "1,2";
				TEST_HOST = "$(BUILT_PRODUCTS_DIR)/ToDoList.app/ToDoList";
			};
			name = Debug;
		};
		13F4A6DF1FB3CDFD001C073E /* Release */ = {
			isa = XCBuildConfiguration;
			buildSettings = {
				ALWAYS_EMBED_SWIFT_STANDARD_LIBRARIES = YES;
				BUNDLE_LOADER = "$(TEST_HOST)";
				CODE_SIGN_STYLE = Automatic;
				DEVELOPMENT_TEAM = RE35XLAPV6;
				INFOPLIST_FILE = ToDoListTests/Info.plist;
				LD_RUNPATH_SEARCH_PATHS = "$(inherited) @executable_path/Frameworks @loader_path/Frameworks";
				PRODUCT_BUNDLE_IDENTIFIER = dojo.ToDoListTests;
				PRODUCT_NAME = "$(TARGET_NAME)";
				SWIFT_VERSION = 4.0;
				TARGETED_DEVICE_FAMILY = "1,2";
				TEST_HOST = "$(BUILT_PRODUCTS_DIR)/ToDoList.app/ToDoList";
			};
			name = Release;
		};
		13F4A6E11FB3CDFD001C073E /* Debug */ = {
			isa = XCBuildConfiguration;
			buildSettings = {
				ALWAYS_EMBED_SWIFT_STANDARD_LIBRARIES = YES;
				CODE_SIGN_STYLE = Automatic;
				DEVELOPMENT_TEAM = RE35XLAPV6;
				INFOPLIST_FILE = ToDoListUITests/Info.plist;
				LD_RUNPATH_SEARCH_PATHS = "$(inherited) @executable_path/Frameworks @loader_path/Frameworks";
				PRODUCT_BUNDLE_IDENTIFIER = dojo.ToDoListUITests;
				PRODUCT_NAME = "$(TARGET_NAME)";
				SWIFT_VERSION = 4.0;
				TARGETED_DEVICE_FAMILY = "1,2";
				TEST_TARGET_NAME = ToDoList;
			};
			name = Debug;
		};
		13F4A6E21FB3CDFD001C073E /* Release */ = {
			isa = XCBuildConfiguration;
			buildSettings = {
				ALWAYS_EMBED_SWIFT_STANDARD_LIBRARIES = YES;
				CODE_SIGN_STYLE = Automatic;
				DEVELOPMENT_TEAM = RE35XLAPV6;
				INFOPLIST_FILE = ToDoListUITests/Info.plist;
				LD_RUNPATH_SEARCH_PATHS = "$(inherited) @executable_path/Frameworks @loader_path/Frameworks";
				PRODUCT_BUNDLE_IDENTIFIER = dojo.ToDoListUITests;
				PRODUCT_NAME = "$(TARGET_NAME)";
				SWIFT_VERSION = 4.0;
				TARGETED_DEVICE_FAMILY = "1,2";
				TEST_TARGET_NAME = ToDoList;
			};
			name = Release;
		};
/* End XCBuildConfiguration section */

/* Begin XCConfigurationList section */
		13F4A6AA1FB3CDFD001C073E /* Build configuration list for PBXProject "ToDoList" */ = {
			isa = XCConfigurationList;
			buildConfigurations = (
				13F4A6D81FB3CDFD001C073E /* Debug */,
				13F4A6D91FB3CDFD001C073E /* Release */,
			);
			defaultConfigurationIsVisible = 0;
			defaultConfigurationName = Release;
		};
		13F4A6DA1FB3CDFD001C073E /* Build configuration list for PBXNativeTarget "ToDoList" */ = {
			isa = XCConfigurationList;
			buildConfigurations = (
				13F4A6DB1FB3CDFD001C073E /* Debug */,
				13F4A6DC1FB3CDFD001C073E /* Release */,
			);
			defaultConfigurationIsVisible = 0;
			defaultConfigurationName = Release;
		};
		13F4A6DD1FB3CDFD001C073E /* Build configuration list for PBXNativeTarget "ToDoListTests" */ = {
			isa = XCConfigurationList;
			buildConfigurations = (
				13F4A6DE1FB3CDFD001C073E /* Debug */,
				13F4A6DF1FB3CDFD001C073E /* Release */,
			);
			defaultConfigurationIsVisible = 0;
			defaultConfigurationName = Release;
		};
		13F4A6E01FB3CDFD001C073E /* Build configuration list for PBXNativeTarget "ToDoListUITests" */ = {
			isa = XCConfigurationList;
			buildConfigurations = (
				13F4A6E11FB3CDFD001C073E /* Debug */,
				13F4A6E21FB3CDFD001C073E /* Release */,
			);
			defaultConfigurationIsVisible = 0;
			defaultConfigurationName = Release;
		};
/* End XCConfigurationList section */

/* Begin XCVersionGroup section */
		13F4A6B91FB3CDFD001C073E /* ToDoList.xcdatamodeld */ = {
			isa = XCVersionGroup;
			children = (
				13F4A6BA1FB3CDFD001C073E /* ToDoList.xcdatamodel */,
			);
			currentVersion = 13F4A6BA1FB3CDFD001C073E /* ToDoList.xcdatamodel */;
			path = ToDoList.xcdatamodeld;
			sourceTree = "<group>";
			versionGroupType = wrapper.xcdatamodel;
		};
/* End XCVersionGroup section */
	};
	rootObject = 13F4A6A71FB3CDFD001C073E /* Project object */;
}
